// !$*UTF8*$!
{
	archiveVersion = 1;
	classes = {
	};
	objectVersion = 50;
	objects = {

/* Begin PBXBuildFile section */
		222F410D2252FFF300B38253 /* JavaScriptCoreViewController.m in Sources */ = {isa = PBXBuildFile; fileRef = 222F410C2252FFF300B38253 /* JavaScriptCoreViewController.m */; };
		222F410F225303FF00B38253 /* html.html in Resources */ = {isa = PBXBuildFile; fileRef = 222F410E225303FF00B38253 /* html.html */; };
		222F41122253057300B38253 /* MyJSObject.m in Sources */ = {isa = PBXBuildFile; fileRef = 222F41112253057300B38253 /* MyJSObject.m */; };
		225280232248640000750FB1 /* AppDelegate.m in Sources */ = {isa = PBXBuildFile; fileRef = 225280222248640000750FB1 /* AppDelegate.m */; };
		225280262248640000750FB1 /* ViewController.m in Sources */ = {isa = PBXBuildFile; fileRef = 225280252248640000750FB1 /* ViewController.m */; };
		225280292248640000750FB1 /* Main.storyboard in Resources */ = {isa = PBXBuildFile; fileRef = 225280272248640000750FB1 /* Main.storyboard */; };
		2252802B2248640200750FB1 /* Assets.xcassets in Resources */ = {isa = PBXBuildFile; fileRef = 2252802A2248640200750FB1 /* Assets.xcassets */; };
		2252802E2248640200750FB1 /* LaunchScreen.storyboard in Resources */ = {isa = PBXBuildFile; fileRef = 2252802C2248640200750FB1 /* LaunchScreen.storyboard */; };
		225280312248640200750FB1 /* main.m in Sources */ = {isa = PBXBuildFile; fileRef = 225280302248640200750FB1 /* main.m */; };
		2252803A224864E800750FB1 /* NSCopyingObject.m in Sources */ = {isa = PBXBuildFile; fileRef = 22528039224864E700750FB1 /* NSCopyingObject.m */; };
		22528079224BBC8D00750FB1 /* RunLoopViewController.m in Sources */ = {isa = PBXBuildFile; fileRef = 22528078224BBC8D00750FB1 /* RunLoopViewController.m */; };
		2252807D224C615C00750FB1 /* CopyViewController.m in Sources */ = {isa = PBXBuildFile; fileRef = 2252807C224C615C00750FB1 /* CopyViewController.m */; };
		22528080224C634300750FB1 /* BaseViewController.m in Sources */ = {isa = PBXBuildFile; fileRef = 2252807F224C634300750FB1 /* BaseViewController.m */; };
		22731F5E2250BD04006A28E9 /* CoreTextViewController.m in Sources */ = {isa = PBXBuildFile; fileRef = 22731F5D2250BD04006A28E9 /* CoreTextViewController.m */; };
		22731F612250BD3F006A28E9 /* CTView.m in Sources */ = {isa = PBXBuildFile; fileRef = 22731F602250BD3F006A28E9 /* CTView.m */; };
		22F4DF9C2250CF9000EDF2EC /* CTLineView.m in Sources */ = {isa = PBXBuildFile; fileRef = 22F4DF9B2250CF8F00EDF2EC /* CTLineView.m */; };
/* End PBXBuildFile section */

/* Begin PBXFileReference section */
		222F410B2252FFF300B38253 /* JavaScriptCoreViewController.h */ = {isa = PBXFileReference; lastKnownFileType = sourcecode.c.h; path = JavaScriptCoreViewController.h; sourceTree = "<group>"; };
		222F410C2252FFF300B38253 /* JavaScriptCoreViewController.m */ = {isa = PBXFileReference; lastKnownFileType = sourcecode.c.objc; path = JavaScriptCoreViewController.m; sourceTree = "<group>"; };
		222F410E225303FF00B38253 /* html.html */ = {isa = PBXFileReference; lastKnownFileType = text.html; path = html.html; sourceTree = "<group>"; };
		222F41102253057300B38253 /* MyJSObject.h */ = {isa = PBXFileReference; lastKnownFileType = sourcecode.c.h; path = MyJSObject.h; sourceTree = "<group>"; };
		222F41112253057300B38253 /* MyJSObject.m */ = {isa = PBXFileReference; lastKnownFileType = sourcecode.c.objc; path = MyJSObject.m; sourceTree = "<group>"; };
		2252801E2248640000750FB1 /* Objective_C_Demo.app */ = {isa = PBXFileReference; explicitFileType = wrapper.application; includeInIndex = 0; path = Objective_C_Demo.app; sourceTree = BUILT_PRODUCTS_DIR; };
		225280212248640000750FB1 /* AppDelegate.h */ = {isa = PBXFileReference; lastKnownFileType = sourcecode.c.h; path = AppDelegate.h; sourceTree = "<group>"; };
		225280222248640000750FB1 /* AppDelegate.m */ = {isa = PBXFileReference; lastKnownFileType = sourcecode.c.objc; path = AppDelegate.m; sourceTree = "<group>"; };
		225280242248640000750FB1 /* ViewController.h */ = {isa = PBXFileReference; lastKnownFileType = sourcecode.c.h; path = ViewController.h; sourceTree = "<group>"; };
		225280252248640000750FB1 /* ViewController.m */ = {isa = PBXFileReference; lastKnownFileType = sourcecode.c.objc; path = ViewController.m; sourceTree = "<group>"; };
		225280282248640000750FB1 /* Base */ = {isa = PBXFileReference; lastKnownFileType = file.storyboard; name = Base; path = Base.lproj/Main.storyboard; sourceTree = "<group>"; };
		2252802A2248640200750FB1 /* Assets.xcassets */ = {isa = PBXFileReference; lastKnownFileType = folder.assetcatalog; path = Assets.xcassets; sourceTree = "<group>"; };
		2252802D2248640200750FB1 /* Base */ = {isa = PBXFileReference; lastKnownFileType = file.storyboard; name = Base; path = Base.lproj/LaunchScreen.storyboard; sourceTree = "<group>"; };
		2252802F2248640200750FB1 /* Info.plist */ = {isa = PBXFileReference; lastKnownFileType = text.plist.xml; path = Info.plist; sourceTree = "<group>"; };
		225280302248640200750FB1 /* main.m */ = {isa = PBXFileReference; lastKnownFileType = sourcecode.c.objc; path = main.m; sourceTree = "<group>"; };
		22528038224864E700750FB1 /* NSCopyingObject.h */ = {isa = PBXFileReference; lastKnownFileType = sourcecode.c.h; path = NSCopyingObject.h; sourceTree = "<group>"; };
		22528039224864E700750FB1 /* NSCopyingObject.m */ = {isa = PBXFileReference; lastKnownFileType = sourcecode.c.objc; path = NSCopyingObject.m; sourceTree = "<group>"; };
		22528077224BBC8D00750FB1 /* RunLoopViewController.h */ = {isa = PBXFileReference; lastKnownFileType = sourcecode.c.h; path = RunLoopViewController.h; sourceTree = "<group>"; };
		22528078224BBC8D00750FB1 /* RunLoopViewController.m */ = {isa = PBXFileReference; lastKnownFileType = sourcecode.c.objc; path = RunLoopViewController.m; sourceTree = "<group>"; };
		2252807B224C615C00750FB1 /* CopyViewController.h */ = {isa = PBXFileReference; lastKnownFileType = sourcecode.c.h; path = CopyViewController.h; sourceTree = "<group>"; };
		2252807C224C615C00750FB1 /* CopyViewController.m */ = {isa = PBXFileReference; lastKnownFileType = sourcecode.c.objc; path = CopyViewController.m; sourceTree = "<group>"; };
		2252807E224C634300750FB1 /* BaseViewController.h */ = {isa = PBXFileReference; lastKnownFileType = sourcecode.c.h; path = BaseViewController.h; sourceTree = "<group>"; };
		2252807F224C634300750FB1 /* BaseViewController.m */ = {isa = PBXFileReference; lastKnownFileType = sourcecode.c.objc; path = BaseViewController.m; sourceTree = "<group>"; };
		22731F5C2250BD04006A28E9 /* CoreTextViewController.h */ = {isa = PBXFileReference; lastKnownFileType = sourcecode.c.h; path = CoreTextViewController.h; sourceTree = "<group>"; };
		22731F5D2250BD04006A28E9 /* CoreTextViewController.m */ = {isa = PBXFileReference; lastKnownFileType = sourcecode.c.objc; path = CoreTextViewController.m; sourceTree = "<group>"; };
		22731F5F2250BD3F006A28E9 /* CTView.h */ = {isa = PBXFileReference; lastKnownFileType = sourcecode.c.h; path = CTView.h; sourceTree = "<group>"; };
		22731F602250BD3F006A28E9 /* CTView.m */ = {isa = PBXFileReference; lastKnownFileType = sourcecode.c.objc; path = CTView.m; sourceTree = "<group>"; };
		22F4DF9A2250CF8F00EDF2EC /* CTLineView.h */ = {isa = PBXFileReference; lastKnownFileType = sourcecode.c.h; path = CTLineView.h; sourceTree = "<group>"; };
		22F4DF9B2250CF8F00EDF2EC /* CTLineView.m */ = {isa = PBXFileReference; lastKnownFileType = sourcecode.c.objc; path = CTLineView.m; sourceTree = "<group>"; };
/* End PBXFileReference section */

/* Begin PBXFrameworksBuildPhase section */
		2252801B2248640000750FB1 /* Frameworks */ = {
			isa = PBXFrameworksBuildPhase;
			buildActionMask = 2147483647;
			files = (
			);
			runOnlyForDeploymentPostprocessing = 0;
		};
/* End PBXFrameworksBuildPhase section */

/* Begin PBXGroup section */
		222F410A2252FFC300B38253 /* JavaScriptCore */ = {
			isa = PBXGroup;
			children = (
				222F410B2252FFF300B38253 /* JavaScriptCoreViewController.h */,
				222F410C2252FFF300B38253 /* JavaScriptCoreViewController.m */,
				222F410E225303FF00B38253 /* html.html */,
				222F41102253057300B38253 /* MyJSObject.h */,
				222F41112253057300B38253 /* MyJSObject.m */,
			);
			path = JavaScriptCore;
			sourceTree = "<group>";
		};
		225280152248640000750FB1 = {
			isa = PBXGroup;
			children = (
				225280202248640000750FB1 /* Objective_C_Demo */,
				2252801F2248640000750FB1 /* Products */,
			);
			sourceTree = "<group>";
		};
		2252801F2248640000750FB1 /* Products */ = {
			isa = PBXGroup;
			children = (
				2252801E2248640000750FB1 /* Objective_C_Demo.app */,
			);
			name = Products;
			sourceTree = "<group>";
		};
		225280202248640000750FB1 /* Objective_C_Demo */ = {
			isa = PBXGroup;
			children = (
				225280212248640000750FB1 /* AppDelegate.h */,
				225280222248640000750FB1 /* AppDelegate.m */,
				225280242248640000750FB1 /* ViewController.h */,
				225280252248640000750FB1 /* ViewController.m */,
				2252807E224C634300750FB1 /* BaseViewController.h */,
				2252807F224C634300750FB1 /* BaseViewController.m */,
				222F410A2252FFC300B38253 /* JavaScriptCore */,
				22731F5B2250BCE9006A28E9 /* CoreText */,
				2252807A224C614700750FB1 /* copy */,
				22528076224BBC3400750FB1 /* RunLoop */,
				22528037224864C900750FB1 /* NSCopying */,
				225280272248640000750FB1 /* Main.storyboard */,
				2252802A2248640200750FB1 /* Assets.xcassets */,
				2252802C2248640200750FB1 /* LaunchScreen.storyboard */,
				2252802F2248640200750FB1 /* Info.plist */,
				225280302248640200750FB1 /* main.m */,
			);
			path = Objective_C_Demo;
			sourceTree = "<group>";
		};
		22528037224864C900750FB1 /* NSCopying */ = {
			isa = PBXGroup;
			children = (
				22528038224864E700750FB1 /* NSCopyingObject.h */,
				22528039224864E700750FB1 /* NSCopyingObject.m */,
			);
			path = NSCopying;
			sourceTree = "<group>";
		};
		22528076224BBC3400750FB1 /* RunLoop */ = {
			isa = PBXGroup;
			children = (
				22528077224BBC8D00750FB1 /* RunLoopViewController.h */,
				22528078224BBC8D00750FB1 /* RunLoopViewController.m */,
			);
			path = RunLoop;
			sourceTree = "<group>";
		};
		2252807A224C614700750FB1 /* copy */ = {
			isa = PBXGroup;
			children = (
				2252807B224C615C00750FB1 /* CopyViewController.h */,
				2252807C224C615C00750FB1 /* CopyViewController.m */,
			);
			path = copy;
			sourceTree = "<group>";
		};
		22731F5B2250BCE9006A28E9 /* CoreText */ = {
			isa = PBXGroup;
			children = (
				22731F5C2250BD04006A28E9 /* CoreTextViewController.h */,
				22731F5D2250BD04006A28E9 /* CoreTextViewController.m */,
				22731F5F2250BD3F006A28E9 /* CTView.h */,
				22731F602250BD3F006A28E9 /* CTView.m */,
				22F4DF9A2250CF8F00EDF2EC /* CTLineView.h */,
				22F4DF9B2250CF8F00EDF2EC /* CTLineView.m */,
			);
			path = CoreText;
			sourceTree = "<group>";
		};
/* End PBXGroup section */

/* Begin PBXNativeTarget section */
		2252801D2248640000750FB1 /* Objective_C_Demo */ = {
			isa = PBXNativeTarget;
			buildConfigurationList = 225280342248640200750FB1 /* Build configuration list for PBXNativeTarget "Objective_C_Demo" */;
			buildPhases = (
				2252801A2248640000750FB1 /* Sources */,
				2252801B2248640000750FB1 /* Frameworks */,
				2252801C2248640000750FB1 /* Resources */,
			);
			buildRules = (
			);
			dependencies = (
			);
			name = Objective_C_Demo;
			productName = Objective_C_Demo;
			productReference = 2252801E2248640000750FB1 /* Objective_C_Demo.app */;
			productType = "com.apple.product-type.application";
		};
/* End PBXNativeTarget section */

/* Begin PBXProject section */
		225280162248640000750FB1 /* Project object */ = {
			isa = PBXProject;
			attributes = {
				LastUpgradeCheck = 1010;
				ORGANIZATIONNAME = foolmcode;
				TargetAttributes = {
					2252801D2248640000750FB1 = {
						CreatedOnToolsVersion = 10.1;
					};
				};
			};
			buildConfigurationList = 225280192248640000750FB1 /* Build configuration list for PBXProject "Objective_C_Demo" */;
			compatibilityVersion = "Xcode 9.3";
			developmentRegion = en;
			hasScannedForEncodings = 0;
			knownRegions = (
				en,
				Base,
			);
			mainGroup = 225280152248640000750FB1;
			productRefGroup = 2252801F2248640000750FB1 /* Products */;
			projectDirPath = "";
			projectRoot = "";
			targets = (
				2252801D2248640000750FB1 /* Objective_C_Demo */,
			);
		};
/* End PBXProject section */

/* Begin PBXResourcesBuildPhase section */
		2252801C2248640000750FB1 /* Resources */ = {
			isa = PBXResourcesBuildPhase;
			buildActionMask = 2147483647;
			files = (
				2252802E2248640200750FB1 /* LaunchScreen.storyboard in Resources */,
				222F410F225303FF00B38253 /* html.html in Resources */,
				2252802B2248640200750FB1 /* Assets.xcassets in Resources */,
				225280292248640000750FB1 /* Main.storyboard in Resources */,
			);
			runOnlyForDeploymentPostprocessing = 0;
		};
/* End PBXResourcesBuildPhase section */

/* Begin PBXSourcesBuildPhase section */
		2252801A2248640000750FB1 /* Sources */ = {
			isa = PBXSourcesBuildPhase;
			buildActionMask = 2147483647;
			files = (
				22731F5E2250BD04006A28E9 /* CoreTextViewController.m in Sources */,
				225280262248640000750FB1 /* ViewController.m in Sources */,
				22731F612250BD3F006A28E9 /* CTView.m in Sources */,
				22528079224BBC8D00750FB1 /* RunLoopViewController.m in Sources */,
				2252803A224864E800750FB1 /* NSCopyingObject.m in Sources */,
				2252807D224C615C00750FB1 /* CopyViewController.m in Sources */,
				225280312248640200750FB1 /* main.m in Sources */,
				22528080224C634300750FB1 /* BaseViewController.m in Sources */,
				222F410D2252FFF300B38253 /* JavaScriptCoreViewController.m in Sources */,
				222F41122253057300B38253 /* MyJSObject.m in Sources */,
				225280232248640000750FB1 /* AppDelegate.m in Sources */,
				22F4DF9C2250CF9000EDF2EC /* CTLineView.m in Sources */,
			);
			runOnlyForDeploymentPostprocessing = 0;
		};
/* End PBXSourcesBuildPhase section */

/* Begin PBXVariantGroup section */
		225280272248640000750FB1 /* Main.storyboard */ = {
			isa = PBXVariantGroup;
			children = (
				225280282248640000750FB1 /* Base */,
			);
			name = Main.storyboard;
			sourceTree = "<group>";
		};
		2252802C2248640200750FB1 /* LaunchScreen.storyboard */ = {
			isa = PBXVariantGroup;
			children = (
				2252802D2248640200750FB1 /* Base */,
			);
			name = LaunchScreen.storyboard;
			sourceTree = "<group>";
		};
/* End PBXVariantGroup section */

/* Begin XCBuildConfiguration section */
		225280322248640200750FB1 /* Debug */ = {
			isa = XCBuildConfiguration;
			buildSettings = {
				ALWAYS_SEARCH_USER_PATHS = NO;
				CLANG_ANALYZER_NONNULL = YES;
				CLANG_ANALYZER_NUMBER_OBJECT_CONVERSION = YES_AGGRESSIVE;
				CLANG_CXX_LANGUAGE_STANDARD = "gnu++14";
				CLANG_CXX_LIBRARY = "libc++";
				CLANG_ENABLE_MODULES = YES;
				CLANG_ENABLE_OBJC_ARC = YES;
				CLANG_ENABLE_OBJC_WEAK = YES;
				CLANG_WARN_BLOCK_CAPTURE_AUTORELEASING = YES;
				CLANG_WARN_BOOL_CONVERSION = YES;
				CLANG_WARN_COMMA = YES;
				CLANG_WARN_CONSTANT_CONVERSION = YES;
				CLANG_WARN_DEPRECATED_OBJC_IMPLEMENTATIONS = YES;
				CLANG_WARN_DIRECT_OBJC_ISA_USAGE = YES_ERROR;
				CLANG_WARN_DOCUMENTATION_COMMENTS = YES;
				CLANG_WARN_EMPTY_BODY = YES;
				CLANG_WARN_ENUM_CONVERSION = YES;
				CLANG_WARN_INFINITE_RECURSION = YES;
				CLANG_WARN_INT_CONVERSION = YES;
				CLANG_WARN_NON_LITERAL_NULL_CONVERSION = YES;
				CLANG_WARN_OBJC_IMPLICIT_RETAIN_SELF = YES;
				CLANG_WARN_OBJC_LITERAL_CONVERSION = YES;
				CLANG_WARN_OBJC_ROOT_CLASS = YES_ERROR;
				CLANG_WARN_RANGE_LOOP_ANALYSIS = YES;
				CLANG_WARN_STRICT_PROTOTYPES = YES;
				CLANG_WARN_SUSPICIOUS_MOVE = YES;
				CLANG_WARN_UNGUARDED_AVAILABILITY = YES_AGGRESSIVE;
				CLANG_WARN_UNREACHABLE_CODE = YES;
				CLANG_WARN__DUPLICATE_METHOD_MATCH = YES;
				CODE_SIGN_IDENTITY = "iPhone Developer";
				COPY_PHASE_STRIP = NO;
				DEBUG_INFORMATION_FORMAT = dwarf;
				ENABLE_STRICT_OBJC_MSGSEND = YES;
				ENABLE_TESTABILITY = YES;
				GCC_C_LANGUAGE_STANDARD = gnu11;
				GCC_DYNAMIC_NO_PIC = NO;
				GCC_NO_COMMON_BLOCKS = YES;
				GCC_OPTIMIZATION_LEVEL = 0;
				GCC_PREPROCESSOR_DEFINITIONS = (
					"DEBUG=1",
					"$(inherited)",
				);
				GCC_WARN_64_TO_32_BIT_CONVERSION = YES;
				GCC_WARN_ABOUT_RETURN_TYPE = YES_ERROR;
				GCC_WARN_UNDECLARED_SELECTOR = YES;
				GCC_WARN_UNINITIALIZED_AUTOS = YES_AGGRESSIVE;
				GCC_WARN_UNUSED_FUNCTION = YES;
				GCC_WARN_UNUSED_VARIABLE = YES;
				IPHONEOS_DEPLOYMENT_TARGET = 12.1;
				MTL_ENABLE_DEBUG_INFO = INCLUDE_SOURCE;
				MTL_FAST_MATH = YES;
				ONLY_ACTIVE_ARCH = YES;
				SDKROOT = iphoneos;
			};
			name = Debug;
		};
		225280332248640200750FB1 /* Release */ = {
			isa = XCBuildConfiguration;
			buildSettings = {
				ALWAYS_SEARCH_USER_PATHS = NO;
				CLANG_ANALYZER_NONNULL = YES;
				CLANG_ANALYZER_NUMBER_OBJECT_CONVERSION = YES_AGGRESSIVE;
				CLANG_CXX_LANGUAGE_STANDARD = "gnu++14";
				CLANG_CXX_LIBRARY = "libc++";
				CLANG_ENABLE_MODULES = YES;
				CLANG_ENABLE_OBJC_ARC = YES;
				CLANG_ENABLE_OBJC_WEAK = YES;
				CLANG_WARN_BLOCK_CAPTURE_AUTORELEASING = YES;
				CLANG_WARN_BOOL_CONVERSION = YES;
				CLANG_WARN_COMMA = YES;
				CLANG_WARN_CONSTANT_CONVERSION = YES;
				CLANG_WARN_DEPRECATED_OBJC_IMPLEMENTATIONS = YES;
				CLANG_WARN_DIRECT_OBJC_ISA_USAGE = YES_ERROR;
				CLANG_WARN_DOCUMENTATION_COMMENTS = YES;
				CLANG_WARN_EMPTY_BODY = YES;
				CLANG_WARN_ENUM_CONVERSION = YES;
				CLANG_WARN_INFINITE_RECURSION = YES;
				CLANG_WARN_INT_CONVERSION = YES;
				CLANG_WARN_NON_LITERAL_NULL_CONVERSION = YES;
				CLANG_WARN_OBJC_IMPLICIT_RETAIN_SELF = YES;
				CLANG_WARN_OBJC_LITERAL_CONVERSION = YES;
				CLANG_WARN_OBJC_ROOT_CLASS = YES_ERROR;
				CLANG_WARN_RANGE_LOOP_ANALYSIS = YES;
				CLANG_WARN_STRICT_PROTOTYPES = YES;
				CLANG_WARN_SUSPICIOUS_MOVE = YES;
				CLANG_WARN_UNGUARDED_AVAILABILITY = YES_AGGRESSIVE;
				CLANG_WARN_UNREACHABLE_CODE = YES;
				CLANG_WARN__DUPLICATE_METHOD_MATCH = YES;
				CODE_SIGN_IDENTITY = "iPhone Developer";
				COPY_PHASE_STRIP = NO;
				DEBUG_INFORMATION_FORMAT = "dwarf-with-dsym";
				ENABLE_NS_ASSERTIONS = NO;
				ENABLE_STRICT_OBJC_MSGSEND = YES;
				GCC_C_LANGUAGE_STANDARD = gnu11;
				GCC_NO_COMMON_BLOCKS = YES;
				GCC_WARN_64_TO_32_BIT_CONVERSION = YES;
				GCC_WARN_ABOUT_RETURN_TYPE = YES_ERROR;
				GCC_WARN_UNDECLARED_SELECTOR = YES;
				GCC_WARN_UNINITIALIZED_AUTOS = YES_AGGRESSIVE;
				GCC_WARN_UNUSED_FUNCTION = YES;
				GCC_WARN_UNUSED_VARIABLE = YES;
				IPHONEOS_DEPLOYMENT_TARGET = 12.1;
				MTL_ENABLE_DEBUG_INFO = NO;
				MTL_FAST_MATH = YES;
				SDKROOT = iphoneos;
				VALIDATE_PRODUCT = YES;
			};
			name = Release;
		};
		225280352248640200750FB1 /* Debug */ = {
			isa = XCBuildConfiguration;
			buildSettings = {
				ASSETCATALOG_COMPILER_APPICON_NAME = AppIcon;
				CODE_SIGN_STYLE = Automatic;
				DEVELOPMENT_TEAM = FJ95Y2R25W;
				INFOPLIST_FILE = Objective_C_Demo/Info.plist;
				LD_RUNPATH_SEARCH_PATHS = (
					"$(inherited)",
					"@executable_path/Frameworks",
				);
				PRODUCT_BUNDLE_IDENTIFIER = "com.foolmcode.Objective-C-Demo";
				PRODUCT_NAME = "$(TARGET_NAME)";
				TARGETED_DEVICE_FAMILY = "1,2";
			};
			name = Debug;
		};
		225280362248640200750FB1 /* Release */ = {
			isa = XCBuildConfiguration;
			buildSettings = {
				ASSETCATALOG_COMPILER_APPICON_NAME = AppIcon;
				CODE_SIGN_STYLE = Automatic;
				DEVELOPMENT_TEAM = FJ95Y2R25W;
				INFOPLIST_FILE = Objective_C_Demo/Info.plist;
				LD_RUNPATH_SEARCH_PATHS = (
					"$(inherited)",
					"@executable_path/Frameworks",
				);
				PRODUCT_BUNDLE_IDENTIFIER = "com.foolmcode.Objective-C-Demo";
				PRODUCT_NAME = "$(TARGET_NAME)";
				TARGETED_DEVICE_FAMILY = "1,2";
			};
			name = Release;
		};
/* End XCBuildConfiguration section */

/* Begin XCConfigurationList section */
		225280192248640000750FB1 /* Build configuration list for PBXProject "Objective_C_Demo" */ = {
			isa = XCConfigurationList;
			buildConfigurations = (
				225280322248640200750FB1 /* Debug */,
				225280332248640200750FB1 /* Release */,
			);
			defaultConfigurationIsVisible = 0;
			defaultConfigurationName = Release;
		};
		225280342248640200750FB1 /* Build configuration list for PBXNativeTarget "Objective_C_Demo" */ = {
			isa = XCConfigurationList;
			buildConfigurations = (
				225280352248640200750FB1 /* Debug */,
				225280362248640200750FB1 /* Release */,
			);
			defaultConfigurationIsVisible = 0;
			defaultConfigurationName = Release;
		};
/* End XCConfigurationList section */
	};
	rootObject = 225280162248640000750FB1 /* Project object */;
}
